// !$*UTF8*$!
{
	archiveVersion = 1;
	classes = {
	};
	objectVersion = 48;
	objects = {

/* Begin PBXBuildFile section */
		8C8D27E8201C6380003DF5DB /* AppDelegate.swift in Sources */ = {isa = PBXBuildFile; fileRef = 8C8D27E7201C6380003DF5DB /* AppDelegate.swift */; };
		8C8D27EA201C6380003DF5DB /* ViewController.swift in Sources */ = {isa = PBXBuildFile; fileRef = 8C8D27E9201C6380003DF5DB /* ViewController.swift */; };
		8C8D27ED201C6380003DF5DB /* Main.storyboard in Resources */ = {isa = PBXBuildFile; fileRef = 8C8D27EB201C6380003DF5DB /* Main.storyboard */; };
		8C8D27F0201C6380003DF5DB /* PowerRanger.xcdatamodeld in Sources */ = {isa = PBXBuildFile; fileRef = 8C8D27EE201C6380003DF5DB /* PowerRanger.xcdatamodeld */; };
		8C8D27F2201C6380003DF5DB /* Assets.xcassets in Resources */ = {isa = PBXBuildFile; fileRef = 8C8D27F1201C6380003DF5DB /* Assets.xcassets */; };
		8C8D27F5201C6380003DF5DB /* LaunchScreen.storyboard in Resources */ = {isa = PBXBuildFile; fileRef = 8C8D27F3201C6380003DF5DB /* LaunchScreen.storyboard */; };
/* End PBXBuildFile section */

/* Begin PBXFileReference section */
		8C8D27E4201C6380003DF5DB /* PowerRanger.app */ = {isa = PBXFileReference; explicitFileType = wrapper.application; includeInIndex = 0; path = PowerRanger.app; sourceTree = BUILT_PRODUCTS_DIR; };
		8C8D27E7201C6380003DF5DB /* AppDelegate.swift */ = {isa = PBXFileReference; lastKnownFileType = sourcecode.swift; path = AppDelegate.swift; sourceTree = "<group>"; };
		8C8D27E9201C6380003DF5DB /* ViewController.swift */ = {isa = PBXFileReference; lastKnownFileType = sourcecode.swift; path = ViewController.swift; sourceTree = "<group>"; };
		8C8D27EC201C6380003DF5DB /* Base */ = {isa = PBXFileReference; lastKnownFileType = file.storyboard; name = Base; path = Base.lproj/Main.storyboard; sourceTree = "<group>"; };
		8C8D27EF201C6380003DF5DB /* PowerRanger.xcdatamodel */ = {isa = PBXFileReference; lastKnownFileType = wrapper.xcdatamodel; path = PowerRanger.xcdatamodel; sourceTree = "<group>"; };
		8C8D27F1201C6380003DF5DB /* Assets.xcassets */ = {isa = PBXFileReference; lastKnownFileType = folder.assetcatalog; path = Assets.xcassets; sourceTree = "<group>"; };
		8C8D27F4201C6380003DF5DB /* Base */ = {isa = PBXFileReference; lastKnownFileType = file.storyboard; name = Base; path = Base.lproj/LaunchScreen.storyboard; sourceTree = "<group>"; };
		8C8D27F6201C6380003DF5DB /* Info.plist */ = {isa = PBXFileReference; lastKnownFileType = text.plist.xml; path = Info.plist; sourceTree = "<group>"; };
/* End PBXFileReference section */

/* Begin PBXFrameworksBuildPhase section */
		8C8D27E1201C6380003DF5DB /* Frameworks */ = {
			isa = PBXFrameworksBuildPhase;
			buildActionMask = 2147483647;
			files = (
			);
			runOnlyForDeploymentPostprocessing = 0;
		};
/* End PBXFrameworksBuildPhase section */

/* Begin PBXGroup section */
		8C8D27DB201C6380003DF5DB = {
			isa = PBXGroup;
			children = (
				8C8D27E6201C6380003DF5DB /* PowerRanger */,
				8C8D27E5201C6380003DF5DB /* Products */,
			);
			sourceTree = "<group>";
		};
		8C8D27E5201C6380003DF5DB /* Products */ = {
			isa = PBXGroup;
			children = (
				8C8D27E4201C6380003DF5DB /* PowerRanger.app */,
			);
			name = Products;
			sourceTree = "<group>";
		};
		8C8D27E6201C6380003DF5DB /* PowerRanger */ = {
			isa = PBXGroup;
			children = (
				8C8D27E7201C6380003DF5DB /* AppDelegate.swift */,
				8C8D27E9201C6380003DF5DB /* ViewController.swift */,
				8C8D27EB201C6380003DF5DB /* Main.storyboard */,
				8C8D27F1201C6380003DF5DB /* Assets.xcassets */,
				8C8D27F3201C6380003DF5DB /* LaunchScreen.storyboard */,
				8C8D27F6201C6380003DF5DB /* Info.plist */,
				8C8D27EE201C6380003DF5DB /* PowerRanger.xcdatamodeld */,
			);
			path = PowerRanger;
			sourceTree = "<group>";
		};
/* End PBXGroup section */

/* Begin PBXNativeTarget section */
		8C8D27E3201C6380003DF5DB /* PowerRanger */ = {
			isa = PBXNativeTarget;
			buildConfigurationList = 8C8D27F9201C6380003DF5DB /* Build configuration list for PBXNativeTarget "PowerRanger" */;
			buildPhases = (
				8C8D27E0201C6380003DF5DB /* Sources */,
				8C8D27E1201C6380003DF5DB /* Frameworks */,
				8C8D27E2201C6380003DF5DB /* Resources */,
			);
			buildRules = (
			);
			dependencies = (
			);
			name = PowerRanger;
			productName = PowerRanger;
			productReference = 8C8D27E4201C6380003DF5DB /* PowerRanger.app */;
			productType = "com.apple.product-type.application";
		};
/* End PBXNativeTarget section */

/* Begin PBXProject section */
		8C8D27DC201C6380003DF5DB /* Project object */ = {
			isa = PBXProject;
			attributes = {
				LastSwiftUpdateCheck = 0920;
				LastUpgradeCheck = 0920;
				ORGANIZATIONNAME = donnali;
				TargetAttributes = {
					8C8D27E3201C6380003DF5DB = {
						CreatedOnToolsVersion = 9.2;
						ProvisioningStyle = Automatic;
					};
				};
			};
			buildConfigurationList = 8C8D27DF201C6380003DF5DB /* Build configuration list for PBXProject "PowerRanger" */;
			compatibilityVersion = "Xcode 8.0";
			developmentRegion = en;
			hasScannedForEncodings = 0;
			knownRegions = (
				en,
				Base,
			);
			mainGroup = 8C8D27DB201C6380003DF5DB;
			productRefGroup = 8C8D27E5201C6380003DF5DB /* Products */;
			projectDirPath = "";
			projectRoot = "";
			targets = (
				8C8D27E3201C6380003DF5DB /* PowerRanger */,
			);
		};
/* End PBXProject section */

/* Begin PBXResourcesBuildPhase section */
		8C8D27E2201C6380003DF5DB /* Resources */ = {
			isa = PBXResourcesBuildPhase;
			buildActionMask = 2147483647;
			files = (
				8C8D27F5201C6380003DF5DB /* LaunchScreen.storyboard in Resources */,
				8C8D27F2201C6380003DF5DB /* Assets.xcassets in Resources */,
				8C8D27ED201C6380003DF5DB /* Main.storyboard in Resources */,
			);
			runOnlyForDeploymentPostprocessing = 0;
		};
/* End PBXResourcesBuildPhase section */

/* Begin PBXSourcesBuildPhase section */
		8C8D27E0201C6380003DF5DB /* Sources */ = {
			isa = PBXSourcesBuildPhase;
			buildActionMask = 2147483647;
			files = (
				8C8D27EA201C6380003DF5DB /* ViewController.swift in Sources */,
				8C8D27E8201C6380003DF5DB /* AppDelegate.swift in Sources */,
				8C8D27F0201C6380003DF5DB /* PowerRanger.xcdatamodeld in Sources */,
			);
			runOnlyForDeploymentPostprocessing = 0;
		};
/* End PBXSourcesBuildPhase section */

/* Begin PBXVariantGroup section */
		8C8D27EB201C6380003DF5DB /* Main.storyboard */ = {
			isa = PBXVariantGroup;
			children = (
				8C8D27EC201C6380003DF5DB /* Base */,
			);
			name = Main.storyboard;
			sourceTree = "<group>";
		};
		8C8D27F3201C6380003DF5DB /* LaunchScreen.storyboard */ = {
			isa = PBXVariantGroup;
			children = (
				8C8D27F4201C6380003DF5DB /* Base */,
			);
			name = LaunchScreen.storyboard;
			sourceTree = "<group>";
		};
/* End PBXVariantGroup section */

/* Begin XCBuildConfiguration section */
		8C8D27F7201C6380003DF5DB /* Debug */ = {
			isa = XCBuildConfiguration;
			buildSettings = {
				ALWAYS_SEARCH_USER_PATHS = NO;
				CLANG_ANALYZER_NONNULL = YES;
				CLANG_ANALYZER_NUMBER_OBJECT_CONVERSION = YES_AGGRESSIVE;
				CLANG_CXX_LANGUAGE_STANDARD = "gnu++14";
				CLANG_CXX_LIBRARY = "libc++";
				CLANG_ENABLE_MODULES = YES;
				CLANG_ENABLE_OBJC_ARC = YES;
				CLANG_WARN_BLOCK_CAPTURE_AUTORELEASING = YES;
				CLANG_WARN_BOOL_CONVERSION = YES;
				CLANG_WARN_COMMA = YES;
				CLANG_WARN_CONSTANT_CONVERSION = YES;
				CLANG_WARN_DIRECT_OBJC_ISA_USAGE = YES_ERROR;
				CLANG_WARN_DOCUMENTATION_COMMENTS = YES;
				CLANG_WARN_EMPTY_BODY = YES;
				CLANG_WARN_ENUM_CONVERSION = YES;
				CLANG_WARN_INFINITE_RECURSION = YES;
				CLANG_WARN_INT_CONVERSION = YES;
				CLANG_WARN_NON_LITERAL_NULL_CONVERSION = YES;
				CLANG_WARN_OBJC_LITERAL_CONVERSION = YES;
				CLANG_WARN_OBJC_ROOT_CLASS = YES_ERROR;
				CLANG_WARN_RANGE_LOOP_ANALYSIS = YES;
				CLANG_WARN_STRICT_PROTOTYPES = YES;
				CLANG_WARN_SUSPICIOUS_MOVE = YES;
				CLANG_WARN_UNGUARDED_AVAILABILITY = YES_AGGRESSIVE;
				CLANG_WARN_UNREACHABLE_CODE = YES;
				CLANG_WARN__DUPLICATE_METHOD_MATCH = YES;
				CODE_SIGN_IDENTITY = "iPhone Developer";
				COPY_PHASE_STRIP = NO;
				DEBUG_INFORMATION_FORMAT = dwarf;
				ENABLE_STRICT_OBJC_MSGSEND = YES;
				ENABLE_TESTABILITY = YES;
				GCC_C_LANGUAGE_STANDARD = gnu11;
				GCC_DYNAMIC_NO_PIC = NO;
				GCC_NO_COMMON_BLOCKS = YES;
				GCC_OPTIMIZATION_LEVEL = 0;
				GCC_PREPROCESSOR_DEFINITIONS = (
					"DEBUG=1",
					"$(inherited)",
				);
				GCC_WARN_64_TO_32_BIT_CONVERSION = YES;
				GCC_WARN_ABOUT_RETURN_TYPE = YES_ERROR;
				GCC_WARN_UNDECLARED_SELECTOR = YES;
				GCC_WARN_UNINITIALIZED_AUTOS = YES_AGGRESSIVE;
				GCC_WARN_UNUSED_FUNCTION = YES;
				GCC_WARN_UNUSED_VARIABLE = YES;
				IPHONEOS_DEPLOYMENT_TARGET = 11.2;
				MTL_ENABLE_DEBUG_INFO = YES;
				ONLY_ACTIVE_ARCH = YES;
				SDKROOT = iphoneos;
				SWIFT_ACTIVE_COMPILATION_CONDITIONS = DEBUG;
				SWIFT_OPTIMIZATION_LEVEL = "-Onone";
			};
			name = Debug;
		};
		8C8D27F8201C6380003DF5DB /* Release */ = {
			isa = XCBuildConfiguration;
			buildSettings = {
				ALWAYS_SEARCH_USER_PATHS = NO;
				CLANG_ANALYZER_NONNULL = YES;
				CLANG_ANALYZER_NUMBER_OBJECT_CONVERSION = YES_AGGRESSIVE;
				CLANG_CXX_LANGUAGE_STANDARD = "gnu++14";
				CLANG_CXX_LIBRARY = "libc++";
				CLANG_ENABLE_MODULES = YES;
				CLANG_ENABLE_OBJC_ARC = YES;
				CLANG_WARN_BLOCK_CAPTURE_AUTORELEASING = YES;
				CLANG_WARN_BOOL_CONVERSION = YES;
				CLANG_WARN_COMMA = YES;
				CLANG_WARN_CONSTANT_CONVERSION = YES;
				CLANG_WARN_DIRECT_OBJC_ISA_USAGE = YES_ERROR;
				CLANG_WARN_DOCUMENTATION_COMMENTS = YES;
				CLANG_WARN_EMPTY_BODY = YES;
				CLANG_WARN_ENUM_CONVERSION = YES;
				CLANG_WARN_INFINITE_RECURSION = YES;
				CLANG_WARN_INT_CONVERSION = YES;
				CLANG_WARN_NON_LITERAL_NULL_CONVERSION = YES;
				CLANG_WARN_OBJC_LITERAL_CONVERSION = YES;
				CLANG_WARN_OBJC_ROOT_CLASS = YES_ERROR;
				CLANG_WARN_RANGE_LOOP_ANALYSIS = YES;
				CLANG_WARN_STRICT_PROTOTYPES = YES;
				CLANG_WARN_SUSPICIOUS_MOVE = YES;
				CLANG_WARN_UNGUARDED_AVAILABILITY = YES_AGGRESSIVE;
				CLANG_WARN_UNREACHABLE_CODE = YES;
				CLANG_WARN__DUPLICATE_METHOD_MATCH = YES;
				CODE_SIGN_IDENTITY = "iPhone Developer";
				COPY_PHASE_STRIP = NO;
				DEBUG_INFORMATION_FORMAT = "dwarf-with-dsym";
				ENABLE_NS_ASSERTIONS = NO;
				ENABLE_STRICT_OBJC_MSGSEND = YES;
				GCC_C_LANGUAGE_STANDARD = gnu11;
				GCC_NO_COMMON_BLOCKS = YES;
				GCC_WARN_64_TO_32_BIT_CONVERSION = YES;
				GCC_WARN_ABOUT_RETURN_TYPE = YES_ERROR;
				GCC_WARN_UNDECLARED_SELECTOR = YES;
				GCC_WARN_UNINITIALIZED_AUTOS = YES_AGGRESSIVE;
				GCC_WARN_UNUSED_FUNCTION = YES;
				GCC_WARN_UNUSED_VARIABLE = YES;
				IPHONEOS_DEPLOYMENT_TARGET = 11.2;
				MTL_ENABLE_DEBUG_INFO = NO;
				SDKROOT = iphoneos;
				SWIFT_OPTIMIZATION_LEVEL = "-Owholemodule";
				VALIDATE_PRODUCT = YES;
			};
			name = Release;
		};
		8C8D27FA201C6380003DF5DB /* Debug */ = {
			isa = XCBuildConfiguration;
			buildSettings = {
				ASSETCATALOG_COMPILER_APPICON_NAME = AppIcon;
				CODE_SIGN_STYLE = Automatic;
				DEVELOPMENT_TEAM = LBAZUH8Y3U;
				INFOPLIST_FILE = PowerRanger/Info.plist;
				LD_RUNPATH_SEARCH_PATHS = "$(inherited) @executable_path/Frameworks";
				PRODUCT_BUNDLE_IDENTIFIER = donnali.PowerRanger;
				PRODUCT_NAME = "$(TARGET_NAME)";
				SWIFT_VERSION = 4.0;
				TARGETED_DEVICE_FAMILY = "1,2";
			};
			name = Debug;
		};
		8C8D27FB201C6380003DF5DB /* Release */ = {
			isa = XCBuildConfiguration;
			buildSettings = {
				ASSETCATALOG_COMPILER_APPICON_NAME = AppIcon;
				CODE_SIGN_STYLE = Automatic;
				DEVELOPMENT_TEAM = LBAZUH8Y3U;
				INFOPLIST_FILE = PowerRanger/Info.plist;
				LD_RUNPATH_SEARCH_PATHS = "$(inherited) @executable_path/Frameworks";
				PRODUCT_BUNDLE_IDENTIFIER = donnali.PowerRanger;
				PRODUCT_NAME = "$(TARGET_NAME)";
				SWIFT_VERSION = 4.0;
				TARGETED_DEVICE_FAMILY = "1,2";
			};
			name = Release;
		};
/* End XCBuildConfiguration section */

/* Begin XCConfigurationList section */
		8C8D27DF201C6380003DF5DB /* Build configuration list for PBXProject "PowerRanger" */ = {
			isa = XCConfigurationList;
			buildConfigurations = (
				8C8D27F7201C6380003DF5DB /* Debug */,
				8C8D27F8201C6380003DF5DB /* Release */,
			);
			defaultConfigurationIsVisible = 0;
			defaultConfigurationName = Release;
		};
		8C8D27F9201C6380003DF5DB /* Build configuration list for PBXNativeTarget "PowerRanger" */ = {
			isa = XCConfigurationList;
			buildConfigurations = (
				8C8D27FA201C6380003DF5DB /* Debug */,
				8C8D27FB201C6380003DF5DB /* Release */,
			);
			defaultConfigurationIsVisible = 0;
			defaultConfigurationName = Release;
		};
/* End XCConfigurationList section */

/* Begin XCVersionGroup section */
		8C8D27EE201C6380003DF5DB /* PowerRanger.xcdatamodeld */ = {
			isa = XCVersionGroup;
			children = (
				8C8D27EF201C6380003DF5DB /* PowerRanger.xcdatamodel */,
			);
			currentVersion = 8C8D27EF201C6380003DF5DB /* PowerRanger.xcdatamodel */;
			path = PowerRanger.xcdatamodeld;
			sourceTree = "<group>";
			versionGroupType = wrapper.xcdatamodel;
		};
/* End XCVersionGroup section */
	};
	rootObject = 8C8D27DC201C6380003DF5DB /* Project object */;
}
